
Microsoft Visual Studio Solution File, Format Version 12.00
# Visual Studio Version 16
VisualStudioVersion = 16.0.810.21
MinimumVisualStudioVersion = 10.0.40219.1
Project("{FAE04EC0-301F-11D3-BF4B-00C04F79EFBC}") = "SQLDependencyMapper", "SQLDependencyMapper.csproj", "{7632634C-DB71-46DA-B609-767190C12BEF}"
EndProject
Global
	GlobalSection(SolutionConfigurationPlatforms) = preSolution
		Debug|Any CPU = Debug|Any CPU
		Release|Any CPU = Release|Any CPU
	EndGlobalSection
	GlobalSection(ProjectConfigurationPlatforms) = postSolution
		{7632634C-DB71-46DA-B609-767190C12BEF}.Debug|Any CPU.ActiveCfg = Debug|Any CPU
		{7632634C-DB71-46DA-B609-767190C12BEF}.Debug|Any CPU.Build.0 = Debug|Any CPU
		{7632634C-DB71-46DA-B609-767190C12BEF}.Release|Any CPU.ActiveCfg = Release|Any CPU
		{7632634C-DB71-46DA-B609-767190C12BEF}.Release|Any CPU.Build.0 = Release|Any CPU
	EndGlobalSection
	GlobalSection(SolutionProperties) = preSolution
		HideSolutionNode = FALSE
	EndGlobalSection
	GlobalSection(ExtensibilityGlobals) = postSolution
		SolutionGuid = {461F395E-1001-40B0-A4F3-FD8CE1254FAB}
	EndGlobalSection
EndGlobal
